// !$*UTF8*$!
{
	archiveVersion = 1;
	classes = {
	};
	objectVersion = 56;
	objects = {

/* Begin PBXBuildFile section */
		801C48022B209B24003E4493 /* AppDelegate.swift in Sources */ = {isa = PBXBuildFile; fileRef = 801C48012B209B24003E4493 /* AppDelegate.swift */; };
		801C48042B209B24003E4493 /* SceneDelegate.swift in Sources */ = {isa = PBXBuildFile; fileRef = 801C48032B209B24003E4493 /* SceneDelegate.swift */; };
		801C480B2B209B25003E4493 /* Assets.xcassets in Resources */ = {isa = PBXBuildFile; fileRef = 801C480A2B209B25003E4493 /* Assets.xcassets */; };
		801C480E2B209B25003E4493 /* LaunchScreen.storyboard in Resources */ = {isa = PBXBuildFile; fileRef = 801C480C2B209B25003E4493 /* LaunchScreen.storyboard */; };
		801C48322B209BEE003E4493 /* QuestionViewControllerTest.swift in Sources */ = {isa = PBXBuildFile; fileRef = 801C48312B209BEE003E4493 /* QuestionViewControllerTest.swift */; };
		801C48342B209E3A003E4493 /* QuestionViewController.swift in Sources */ = {isa = PBXBuildFile; fileRef = 801C48332B209E3A003E4493 /* QuestionViewController.swift */; };
		801C48372B209F62003E4493 /* QuestionViewController.xib in Resources */ = {isa = PBXBuildFile; fileRef = 801C48362B209F62003E4493 /* QuestionViewController.xib */; };
		803067002B21F89000336277 /* ResultViewControllerTest.swift in Sources */ = {isa = PBXBuildFile; fileRef = 803066FF2B21F89000336277 /* ResultViewControllerTest.swift */; };
		803067022B21F9B800336277 /* ResultViewController.swift in Sources */ = {isa = PBXBuildFile; fileRef = 803067012B21F9B800336277 /* ResultViewController.swift */; };
		803067042B21FAAC00336277 /* ResultViewController.xib in Resources */ = {isa = PBXBuildFile; fileRef = 803067032B21FAAC00336277 /* ResultViewController.xib */; };
		80727CB72B220D1B009CD539 /* TableViewHelper.swift in Sources */ = {isa = PBXBuildFile; fileRef = 80727CB62B220D1B009CD539 /* TableViewHelper.swift */; };
		80727CB92B22182A009CD539 /* CorrectAnswerCell.xib in Resources */ = {isa = PBXBuildFile; fileRef = 80727CB82B22182A009CD539 /* CorrectAnswerCell.xib */; };
		80727CBB2B2250C8009CD539 /* WorngAnswerCell.xib in Resources */ = {isa = PBXBuildFile; fileRef = 80727CBA2B2250C8009CD539 /* WorngAnswerCell.xib */; };
		80727CBD2B26F4F5009CD539 /* UiTableViewExtension.swift in Sources */ = {isa = PBXBuildFile; fileRef = 80727CBC2B26F4F5009CD539 /* UiTableViewExtension.swift */; };
		80727CBF2B26F53E009CD539 /* PresentableAnswer.swift in Sources */ = {isa = PBXBuildFile; fileRef = 80727CBE2B26F53D009CD539 /* PresentableAnswer.swift */; };
		80727CC12B26F580009CD539 /* CorrectAnswerCell.swift in Sources */ = {isa = PBXBuildFile; fileRef = 80727CC02B26F580009CD539 /* CorrectAnswerCell.swift */; };
		80727CC32B26F598009CD539 /* WorngAnswerCell.swift in Sources */ = {isa = PBXBuildFile; fileRef = 80727CC22B26F598009CD539 /* WorngAnswerCell.swift */; };
		80727D162B279410009CD539 /* QuizEngine.framework in Frameworks */ = {isa = PBXBuildFile; fileRef = 80727D152B279410009CD539 /* QuizEngine.framework */; };
		80727D172B279410009CD539 /* QuizEngine.framework in Embed Frameworks */ = {isa = PBXBuildFile; fileRef = 80727D152B279410009CD539 /* QuizEngine.framework */; settings = {ATTRIBUTES = (CodeSignOnCopy, RemoveHeadersOnCopy, ); }; };
/* End PBXBuildFile section */

/* Begin PBXContainerItemProxy section */
		801C48152B209B25003E4493 /* PBXContainerItemProxy */ = {
			isa = PBXContainerItemProxy;
			containerPortal = 801C47F62B209B24003E4493 /* Project object */;
			proxyType = 1;
			remoteGlobalIDString = 801C47FD2B209B24003E4493;
			remoteInfo = QuizApp;
		};
/* End PBXContainerItemProxy section */

/* Begin PBXCopyFilesBuildPhase section */
		80727D182B279411009CD539 /* Embed Frameworks */ = {
			isa = PBXCopyFilesBuildPhase;
			buildActionMask = 2147483647;
			dstPath = "";
			dstSubfolderSpec = 10;
			files = (
				80727D172B279410009CD539 /* QuizEngine.framework in Embed Frameworks */,
			);
			name = "Embed Frameworks";
			runOnlyForDeploymentPostprocessing = 0;
		};
/* End PBXCopyFilesBuildPhase section */

/* Begin PBXFileReference section */
		801C47FE2B209B24003E4493 /* QuizApp.app */ = {isa = PBXFileReference; explicitFileType = wrapper.application; includeInIndex = 0; path = QuizApp.app; sourceTree = BUILT_PRODUCTS_DIR; };
		801C48012B209B24003E4493 /* AppDelegate.swift */ = {isa = PBXFileReference; lastKnownFileType = sourcecode.swift; path = AppDelegate.swift; sourceTree = "<group>"; };
		801C48032B209B24003E4493 /* SceneDelegate.swift */ = {isa = PBXFileReference; lastKnownFileType = sourcecode.swift; path = SceneDelegate.swift; sourceTree = "<group>"; };
		801C480A2B209B25003E4493 /* Assets.xcassets */ = {isa = PBXFileReference; lastKnownFileType = folder.assetcatalog; path = Assets.xcassets; sourceTree = "<group>"; };
		801C480D2B209B25003E4493 /* Base */ = {isa = PBXFileReference; lastKnownFileType = file.storyboard; name = Base; path = Base.lproj/LaunchScreen.storyboard; sourceTree = "<group>"; };
		801C480F2B209B25003E4493 /* Info.plist */ = {isa = PBXFileReference; lastKnownFileType = text.plist.xml; path = Info.plist; sourceTree = "<group>"; };
		801C48142B209B25003E4493 /* QuizAppTests.xctest */ = {isa = PBXFileReference; explicitFileType = wrapper.cfbundle; includeInIndex = 0; path = QuizAppTests.xctest; sourceTree = BUILT_PRODUCTS_DIR; };
		801C48312B209BEE003E4493 /* QuestionViewControllerTest.swift */ = {isa = PBXFileReference; lastKnownFileType = sourcecode.swift; path = QuestionViewControllerTest.swift; sourceTree = "<group>"; };
		801C48332B209E3A003E4493 /* QuestionViewController.swift */ = {isa = PBXFileReference; lastKnownFileType = sourcecode.swift; path = QuestionViewController.swift; sourceTree = "<group>"; };
		801C48362B209F62003E4493 /* QuestionViewController.xib */ = {isa = PBXFileReference; lastKnownFileType = file.xib; path = QuestionViewController.xib; sourceTree = "<group>"; };
		803066FF2B21F89000336277 /* ResultViewControllerTest.swift */ = {isa = PBXFileReference; lastKnownFileType = sourcecode.swift; path = ResultViewControllerTest.swift; sourceTree = "<group>"; };
		803067012B21F9B800336277 /* ResultViewController.swift */ = {isa = PBXFileReference; lastKnownFileType = sourcecode.swift; path = ResultViewController.swift; sourceTree = "<group>"; };
		803067032B21FAAC00336277 /* ResultViewController.xib */ = {isa = PBXFileReference; lastKnownFileType = file.xib; path = ResultViewController.xib; sourceTree = "<group>"; };
		80727CB62B220D1B009CD539 /* TableViewHelper.swift */ = {isa = PBXFileReference; lastKnownFileType = sourcecode.swift; path = TableViewHelper.swift; sourceTree = "<group>"; };
		80727CB82B22182A009CD539 /* CorrectAnswerCell.xib */ = {isa = PBXFileReference; lastKnownFileType = file.xib; path = CorrectAnswerCell.xib; sourceTree = "<group>"; };
		80727CBA2B2250C8009CD539 /* WorngAnswerCell.xib */ = {isa = PBXFileReference; lastKnownFileType = file.xib; path = WorngAnswerCell.xib; sourceTree = "<group>"; };
		80727CBC2B26F4F5009CD539 /* UiTableViewExtension.swift */ = {isa = PBXFileReference; lastKnownFileType = sourcecode.swift; path = UiTableViewExtension.swift; sourceTree = "<group>"; };
		80727CBE2B26F53D009CD539 /* PresentableAnswer.swift */ = {isa = PBXFileReference; lastKnownFileType = sourcecode.swift; path = PresentableAnswer.swift; sourceTree = "<group>"; };
		80727CC02B26F580009CD539 /* CorrectAnswerCell.swift */ = {isa = PBXFileReference; lastKnownFileType = sourcecode.swift; path = CorrectAnswerCell.swift; sourceTree = "<group>"; };
		80727CC22B26F598009CD539 /* WorngAnswerCell.swift */ = {isa = PBXFileReference; lastKnownFileType = sourcecode.swift; path = WorngAnswerCell.swift; sourceTree = "<group>"; };
		80727D152B279410009CD539 /* QuizEngine.framework */ = {isa = PBXFileReference; explicitFileType = wrapper.framework; path = QuizEngine.framework; sourceTree = BUILT_PRODUCTS_DIR; };
/* End PBXFileReference section */

/* Begin PBXFrameworksBuildPhase section */
		801C47FB2B209B24003E4493 /* Frameworks */ = {
			isa = PBXFrameworksBuildPhase;
			buildActionMask = 2147483647;
			files = (
				80727D162B279410009CD539 /* QuizEngine.framework in Frameworks */,
			);
			runOnlyForDeploymentPostprocessing = 0;
		};
		801C48112B209B25003E4493 /* Frameworks */ = {
			isa = PBXFrameworksBuildPhase;
			buildActionMask = 2147483647;
			files = (
			);
			runOnlyForDeploymentPostprocessing = 0;
		};
/* End PBXFrameworksBuildPhase section */

/* Begin PBXGroup section */
		801C47F52B209B24003E4493 = {
			isa = PBXGroup;
			children = (
				801C48002B209B24003E4493 /* QuizApp */,
				801C48172B209B25003E4493 /* QuizAppTests */,
				801C47FF2B209B24003E4493 /* Products */,
				80727D142B279410009CD539 /* Frameworks */,
			);
			sourceTree = "<group>";
		};
		801C47FF2B209B24003E4493 /* Products */ = {
			isa = PBXGroup;
			children = (
				801C47FE2B209B24003E4493 /* QuizApp.app */,
				801C48142B209B25003E4493 /* QuizAppTests.xctest */,
			);
			name = Products;
			sourceTree = "<group>";
		};
		801C48002B209B24003E4493 /* QuizApp */ = {
			isa = PBXGroup;
			children = (
				80727CC72B26FDED009CD539 /* Main */,
				80727CC42B26FD37009CD539 /* Question */,
				80727CC52B26FD5A009CD539 /* Result */,
				80727CBE2B26F53D009CD539 /* PresentableAnswer.swift */,
				80727CBC2B26F4F5009CD539 /* UiTableViewExtension.swift */,
				801C480A2B209B25003E4493 /* Assets.xcassets */,
				801C480C2B209B25003E4493 /* LaunchScreen.storyboard */,
				801C480F2B209B25003E4493 /* Info.plist */,
			);
			path = QuizApp;
			sourceTree = "<group>";
		};
		801C48172B209B25003E4493 /* QuizAppTests */ = {
			isa = PBXGroup;
			children = (
				801C48312B209BEE003E4493 /* QuestionViewControllerTest.swift */,
				803066FF2B21F89000336277 /* ResultViewControllerTest.swift */,
				80727CB62B220D1B009CD539 /* TableViewHelper.swift */,
			);
			path = QuizAppTests;
			sourceTree = "<group>";
		};
		80727CC42B26FD37009CD539 /* Question */ = {
			isa = PBXGroup;
			children = (
				801C48332B209E3A003E4493 /* QuestionViewController.swift */,
				801C48362B209F62003E4493 /* QuestionViewController.xib */,
			);
			path = Question;
			sourceTree = "<group>";
		};
		80727CC52B26FD5A009CD539 /* Result */ = {
			isa = PBXGroup;
			children = (
				80727CC62B26FD8D009CD539 /* Cell */,
				803067012B21F9B800336277 /* ResultViewController.swift */,
				803067032B21FAAC00336277 /* ResultViewController.xib */,
			);
			path = Result;
			sourceTree = "<group>";
		};
		80727CC62B26FD8D009CD539 /* Cell */ = {
			isa = PBXGroup;
			children = (
				80727CC22B26F598009CD539 /* WorngAnswerCell.swift */,
				80727CBA2B2250C8009CD539 /* WorngAnswerCell.xib */,
				80727CC02B26F580009CD539 /* CorrectAnswerCell.swift */,
				80727CB82B22182A009CD539 /* CorrectAnswerCell.xib */,
			);
			path = Cell;
			sourceTree = "<group>";
		};
		80727CC72B26FDED009CD539 /* Main */ = {
			isa = PBXGroup;
			children = (
				801C48012B209B24003E4493 /* AppDelegate.swift */,
				801C48032B209B24003E4493 /* SceneDelegate.swift */,
			);
			path = Main;
			sourceTree = "<group>";
		};
		80727D142B279410009CD539 /* Frameworks */ = {
			isa = PBXGroup;
			children = (
				80727D152B279410009CD539 /* QuizEngine.framework */,
			);
			name = Frameworks;
			sourceTree = "<group>";
		};
/* End PBXGroup section */

/* Begin PBXNativeTarget section */
		801C47FD2B209B24003E4493 /* QuizApp */ = {
			isa = PBXNativeTarget;
			buildConfigurationList = 801C48282B209B25003E4493 /* Build configuration list for PBXNativeTarget "QuizApp" */;
			buildPhases = (
				801C47FA2B209B24003E4493 /* Sources */,
				801C47FB2B209B24003E4493 /* Frameworks */,
				801C47FC2B209B24003E4493 /* Resources */,
				80727D182B279411009CD539 /* Embed Frameworks */,
			);
			buildRules = (
			);
			dependencies = (
			);
			name = QuizApp;
			productName = QuizApp;
			productReference = 801C47FE2B209B24003E4493 /* QuizApp.app */;
			productType = "com.apple.product-type.application";
		};
		801C48132B209B25003E4493 /* QuizAppTests */ = {
			isa = PBXNativeTarget;
			buildConfigurationList = 801C482B2B209B25003E4493 /* Build configuration list for PBXNativeTarget "QuizAppTests" */;
			buildPhases = (
				801C48102B209B25003E4493 /* Sources */,
				801C48112B209B25003E4493 /* Frameworks */,
				801C48122B209B25003E4493 /* Resources */,
			);
			buildRules = (
			);
			dependencies = (
				801C48162B209B25003E4493 /* PBXTargetDependency */,
			);
			name = QuizAppTests;
			productName = QuizAppTests;
			productReference = 801C48142B209B25003E4493 /* QuizAppTests.xctest */;
			productType = "com.apple.product-type.bundle.unit-test";
		};
/* End PBXNativeTarget section */

/* Begin PBXProject section */
		801C47F62B209B24003E4493 /* Project object */ = {
			isa = PBXProject;
			attributes = {
				BuildIndependentTargetsInParallel = 1;
				LastSwiftUpdateCheck = 1500;
				LastUpgradeCheck = 1500;
				TargetAttributes = {
					801C47FD2B209B24003E4493 = {
						CreatedOnToolsVersion = 15.0.1;
					};
					801C48132B209B25003E4493 = {
						CreatedOnToolsVersion = 15.0.1;
						LastSwiftMigration = 1500;
						TestTargetID = 801C47FD2B209B24003E4493;
					};
				};
			};
			buildConfigurationList = 801C47F92B209B24003E4493 /* Build configuration list for PBXProject "QuizApp" */;
			compatibilityVersion = "Xcode 14.0";
			developmentRegion = en;
			hasScannedForEncodings = 0;
			knownRegions = (
				en,
				Base,
			);
			mainGroup = 801C47F52B209B24003E4493;
			productRefGroup = 801C47FF2B209B24003E4493 /* Products */;
			projectDirPath = "";
			projectRoot = "";
			targets = (
				801C47FD2B209B24003E4493 /* QuizApp */,
				801C48132B209B25003E4493 /* QuizAppTests */,
			);
		};
/* End PBXProject section */

/* Begin PBXResourcesBuildPhase section */
		801C47FC2B209B24003E4493 /* Resources */ = {
			isa = PBXResourcesBuildPhase;
			buildActionMask = 2147483647;
			files = (
				801C480E2B209B25003E4493 /* LaunchScreen.storyboard in Resources */,
				801C480B2B209B25003E4493 /* Assets.xcassets in Resources */,
				801C48372B209F62003E4493 /* QuestionViewController.xib in Resources */,
				80727CBB2B2250C8009CD539 /* WorngAnswerCell.xib in Resources */,
				80727CB92B22182A009CD539 /* CorrectAnswerCell.xib in Resources */,
				803067042B21FAAC00336277 /* ResultViewController.xib in Resources */,
			);
			runOnlyForDeploymentPostprocessing = 0;
		};
		801C48122B209B25003E4493 /* Resources */ = {
			isa = PBXResourcesBuildPhase;
			buildActionMask = 2147483647;
			files = (
			);
			runOnlyForDeploymentPostprocessing = 0;
		};
/* End PBXResourcesBuildPhase section */

/* Begin PBXSourcesBuildPhase section */
		801C47FA2B209B24003E4493 /* Sources */ = {
			isa = PBXSourcesBuildPhase;
			buildActionMask = 2147483647;
			files = (
				801C48022B209B24003E4493 /* AppDelegate.swift in Sources */,
				801C48042B209B24003E4493 /* SceneDelegate.swift in Sources */,
				80727CC12B26F580009CD539 /* CorrectAnswerCell.swift in Sources */,
				801C48342B209E3A003E4493 /* QuestionViewController.swift in Sources */,
				80727CBF2B26F53E009CD539 /* PresentableAnswer.swift in Sources */,
				80727CC32B26F598009CD539 /* WorngAnswerCell.swift in Sources */,
				803067022B21F9B800336277 /* ResultViewController.swift in Sources */,
				80727CBD2B26F4F5009CD539 /* UiTableViewExtension.swift in Sources */,
			);
			runOnlyForDeploymentPostprocessing = 0;
		};
		801C48102B209B25003E4493 /* Sources */ = {
			isa = PBXSourcesBuildPhase;
			buildActionMask = 2147483647;
			files = (
				801C48322B209BEE003E4493 /* QuestionViewControllerTest.swift in Sources */,
				80727CB72B220D1B009CD539 /* TableViewHelper.swift in Sources */,
				803067002B21F89000336277 /* ResultViewControllerTest.swift in Sources */,
			);
			runOnlyForDeploymentPostprocessing = 0;
		};
/* End PBXSourcesBuildPhase section */

/* Begin PBXTargetDependency section */
		801C48162B209B25003E4493 /* PBXTargetDependency */ = {
			isa = PBXTargetDependency;
			target = 801C47FD2B209B24003E4493 /* QuizApp */;
			targetProxy = 801C48152B209B25003E4493 /* PBXContainerItemProxy */;
		};
/* End PBXTargetDependency section */

/* Begin PBXVariantGroup section */
		801C480C2B209B25003E4493 /* LaunchScreen.storyboard */ = {
			isa = PBXVariantGroup;
			children = (
				801C480D2B209B25003E4493 /* Base */,
			);
			name = LaunchScreen.storyboard;
			sourceTree = "<group>";
		};
/* End PBXVariantGroup section */

/* Begin XCBuildConfiguration section */
		801C48262B209B25003E4493 /* Debug */ = {
			isa = XCBuildConfiguration;
			buildSettings = {
				ALWAYS_SEARCH_USER_PATHS = NO;
				ASSETCATALOG_COMPILER_GENERATE_SWIFT_ASSET_SYMBOL_EXTENSIONS = YES;
				CLANG_ANALYZER_NONNULL = YES;
				CLANG_ANALYZER_NUMBER_OBJECT_CONVERSION = YES_AGGRESSIVE;
				CLANG_CXX_LANGUAGE_STANDARD = "gnu++20";
				CLANG_ENABLE_MODULES = YES;
				CLANG_ENABLE_OBJC_ARC = YES;
				CLANG_ENABLE_OBJC_WEAK = YES;
				CLANG_WARN_BLOCK_CAPTURE_AUTORELEASING = YES;
				CLANG_WARN_BOOL_CONVERSION = YES;
				CLANG_WARN_COMMA = YES;
				CLANG_WARN_CONSTANT_CONVERSION = YES;
				CLANG_WARN_DEPRECATED_OBJC_IMPLEMENTATIONS = YES;
				CLANG_WARN_DIRECT_OBJC_ISA_USAGE = YES_ERROR;
				CLANG_WARN_DOCUMENTATION_COMMENTS = YES;
				CLANG_WARN_EMPTY_BODY = YES;
				CLANG_WARN_ENUM_CONVERSION = YES;
				CLANG_WARN_INFINITE_RECURSION = YES;
				CLANG_WARN_INT_CONVERSION = YES;
				CLANG_WARN_NON_LITERAL_NULL_CONVERSION = YES;
				CLANG_WARN_OBJC_IMPLICIT_RETAIN_SELF = YES;
				CLANG_WARN_OBJC_LITERAL_CONVERSION = YES;
				CLANG_WARN_OBJC_ROOT_CLASS = YES_ERROR;
				CLANG_WARN_QUOTED_INCLUDE_IN_FRAMEWORK_HEADER = YES;
				CLANG_WARN_RANGE_LOOP_ANALYSIS = YES;
				CLANG_WARN_STRICT_PROTOTYPES = YES;
				CLANG_WARN_SUSPICIOUS_MOVE = YES;
				CLANG_WARN_UNGUARDED_AVAILABILITY = YES_AGGRESSIVE;
				CLANG_WARN_UNREACHABLE_CODE = YES;
				CLANG_WARN__DUPLICATE_METHOD_MATCH = YES;
				COPY_PHASE_STRIP = NO;
				DEBUG_INFORMATION_FORMAT = dwarf;
				ENABLE_STRICT_OBJC_MSGSEND = YES;
				ENABLE_TESTABILITY = YES;
				ENABLE_USER_SCRIPT_SANDBOXING = YES;
				GCC_C_LANGUAGE_STANDARD = gnu17;
				GCC_DYNAMIC_NO_PIC = NO;
				GCC_NO_COMMON_BLOCKS = YES;
				GCC_OPTIMIZATION_LEVEL = 0;
				GCC_PREPROCESSOR_DEFINITIONS = (
					"DEBUG=1",
					"$(inherited)",
				);
				GCC_WARN_64_TO_32_BIT_CONVERSION = YES;
				GCC_WARN_ABOUT_RETURN_TYPE = YES_ERROR;
				GCC_WARN_UNDECLARED_SELECTOR = YES;
				GCC_WARN_UNINITIALIZED_AUTOS = YES_AGGRESSIVE;
				GCC_WARN_UNUSED_FUNCTION = YES;
				GCC_WARN_UNUSED_VARIABLE = YES;
				IPHONEOS_DEPLOYMENT_TARGET = 17.0;
				LOCALIZATION_PREFERS_STRING_CATALOGS = YES;
				MTL_ENABLE_DEBUG_INFO = INCLUDE_SOURCE;
				MTL_FAST_MATH = YES;
				ONLY_ACTIVE_ARCH = YES;
				SDKROOT = iphoneos;
				SWIFT_ACTIVE_COMPILATION_CONDITIONS = "DEBUG $(inherited)";
				SWIFT_OPTIMIZATION_LEVEL = "-Onone";
			};
			name = Debug;
		};
		801C48272B209B25003E4493 /* Release */ = {
			isa = XCBuildConfiguration;
			buildSettings = {
				ALWAYS_SEARCH_USER_PATHS = NO;
				ASSETCATALOG_COMPILER_GENERATE_SWIFT_ASSET_SYMBOL_EXTENSIONS = YES;
				CLANG_ANALYZER_NONNULL = YES;
				CLANG_ANALYZER_NUMBER_OBJECT_CONVERSION = YES_AGGRESSIVE;
				CLANG_CXX_LANGUAGE_STANDARD = "gnu++20";
				CLANG_ENABLE_MODULES = YES;
				CLANG_ENABLE_OBJC_ARC = YES;
				CLANG_ENABLE_OBJC_WEAK = YES;
				CLANG_WARN_BLOCK_CAPTURE_AUTORELEASING = YES;
				CLANG_WARN_BOOL_CONVERSION = YES;
				CLANG_WARN_COMMA = YES;
				CLANG_WARN_CONSTANT_CONVERSION = YES;
				CLANG_WARN_DEPRECATED_OBJC_IMPLEMENTATIONS = YES;
				CLANG_WARN_DIRECT_OBJC_ISA_USAGE = YES_ERROR;
				CLANG_WARN_DOCUMENTATION_COMMENTS = YES;
				CLANG_WARN_EMPTY_BODY = YES;
				CLANG_WARN_ENUM_CONVERSION = YES;
				CLANG_WARN_INFINITE_RECURSION = YES;
				CLANG_WARN_INT_CONVERSION = YES;
				CLANG_WARN_NON_LITERAL_NULL_CONVERSION = YES;
				CLANG_WARN_OBJC_IMPLICIT_RETAIN_SELF = YES;
				CLANG_WARN_OBJC_LITERAL_CONVERSION = YES;
				CLANG_WARN_OBJC_ROOT_CLASS = YES_ERROR;
				CLANG_WARN_QUOTED_INCLUDE_IN_FRAMEWORK_HEADER = YES;
				CLANG_WARN_RANGE_LOOP_ANALYSIS = YES;
				CLANG_WARN_STRICT_PROTOTYPES = YES;
				CLANG_WARN_SUSPICIOUS_MOVE = YES;
				CLANG_WARN_UNGUARDED_AVAILABILITY = YES_AGGRESSIVE;
				CLANG_WARN_UNREACHABLE_CODE = YES;
				CLANG_WARN__DUPLICATE_METHOD_MATCH = YES;
				COPY_PHASE_STRIP = NO;
				DEBUG_INFORMATION_FORMAT = "dwarf-with-dsym";
				ENABLE_NS_ASSERTIONS = NO;
				ENABLE_STRICT_OBJC_MSGSEND = YES;
				ENABLE_USER_SCRIPT_SANDBOXING = YES;
				GCC_C_LANGUAGE_STANDARD = gnu17;
				GCC_NO_COMMON_BLOCKS = YES;
				GCC_WARN_64_TO_32_BIT_CONVERSION = YES;
				GCC_WARN_ABOUT_RETURN_TYPE = YES_ERROR;
				GCC_WARN_UNDECLARED_SELECTOR = YES;
				GCC_WARN_UNINITIALIZED_AUTOS = YES_AGGRESSIVE;
				GCC_WARN_UNUSED_FUNCTION = YES;
				GCC_WARN_UNUSED_VARIABLE = YES;
				IPHONEOS_DEPLOYMENT_TARGET = 17.0;
				LOCALIZATION_PREFERS_STRING_CATALOGS = YES;
				MTL_ENABLE_DEBUG_INFO = NO;
				MTL_FAST_MATH = YES;
				SDKROOT = iphoneos;
				SWIFT_COMPILATION_MODE = wholemodule;
				VALIDATE_PRODUCT = YES;
			};
			name = Release;
		};
		801C48292B209B25003E4493 /* Debug */ = {
			isa = XCBuildConfiguration;
			buildSettings = {
				ASSETCATALOG_COMPILER_APPICON_NAME = AppIcon;
				ASSETCATALOG_COMPILER_GLOBAL_ACCENT_COLOR_NAME = AccentColor;
				CODE_SIGN_STYLE = Automatic;
				CURRENT_PROJECT_VERSION = 1;
				GENERATE_INFOPLIST_FILE = YES;
				INFOPLIST_FILE = QuizApp/Info.plist;
				INFOPLIST_KEY_UIApplicationSupportsIndirectInputEvents = YES;
				INFOPLIST_KEY_UILaunchStoryboardName = LaunchScreen;
				INFOPLIST_KEY_UISupportedInterfaceOrientations_iPad = "UIInterfaceOrientationPortrait UIInterfaceOrientationPortraitUpsideDown UIInterfaceOrientationLandscapeLeft UIInterfaceOrientationLandscapeRight";
				INFOPLIST_KEY_UISupportedInterfaceOrientations_iPhone = "UIInterfaceOrientationPortrait UIInterfaceOrientationLandscapeLeft UIInterfaceOrientationLandscapeRight";
				LD_RUNPATH_SEARCH_PATHS = (
					"$(inherited)",
					"@executable_path/Frameworks",
				);
				MARKETING_VERSION = 1.0;
				PRODUCT_BUNDLE_IDENTIFIER = "com.-mlbChaggange.com.QuizApp";
				PRODUCT_NAME = "$(TARGET_NAME)";
				SWIFT_EMIT_LOC_STRINGS = YES;
				SWIFT_VERSION = 5.0;
				TARGETED_DEVICE_FAMILY = "1,2";
			};
			name = Debug;
		};
		801C482A2B209B25003E4493 /* Release */ = {
			isa = XCBuildConfiguration;
			buildSettings = {
				ASSETCATALOG_COMPILER_APPICON_NAME = AppIcon;
				ASSETCATALOG_COMPILER_GLOBAL_ACCENT_COLOR_NAME = AccentColor;
				CODE_SIGN_STYLE = Automatic;
				CURRENT_PROJECT_VERSION = 1;
				GENERATE_INFOPLIST_FILE = YES;
				INFOPLIST_FILE = QuizApp/Info.plist;
				INFOPLIST_KEY_UIApplicationSupportsIndirectInputEvents = YES;
				INFOPLIST_KEY_UILaunchStoryboardName = LaunchScreen;
				INFOPLIST_KEY_UISupportedInterfaceOrientations_iPad = "UIInterfaceOrientationPortrait UIInterfaceOrientationPortraitUpsideDown UIInterfaceOrientationLandscapeLeft UIInterfaceOrientationLandscapeRight";
				INFOPLIST_KEY_UISupportedInterfaceOrientations_iPhone = "UIInterfaceOrientationPortrait UIInterfaceOrientationLandscapeLeft UIInterfaceOrientationLandscapeRight";
				LD_RUNPATH_SEARCH_PATHS = (
					"$(inherited)",
					"@executable_path/Frameworks",
				);
				MARKETING_VERSION = 1.0;
				PRODUCT_BUNDLE_IDENTIFIER = "com.-mlbChaggange.com.QuizApp";
				PRODUCT_NAME = "$(TARGET_NAME)";
				SWIFT_EMIT_LOC_STRINGS = YES;
				SWIFT_VERSION = 5.0;
				TARGETED_DEVICE_FAMILY = "1,2";
			};
			name = Release;
		};
		801C482C2B209B25003E4493 /* Debug */ = {
			isa = XCBuildConfiguration;
			buildSettings = {
				ALWAYS_EMBED_SWIFT_STANDARD_LIBRARIES = YES;
				BUNDLE_LOADER = "$(TEST_HOST)";
				CLANG_ENABLE_MODULES = YES;
				CODE_SIGN_STYLE = Automatic;
				CURRENT_PROJECT_VERSION = 1;
				GENERATE_INFOPLIST_FILE = YES;
				IPHONEOS_DEPLOYMENT_TARGET = 17.0;
				MARKETING_VERSION = 1.0;
				PRODUCT_BUNDLE_IDENTIFIER = "com.-mlbChaggange.com.QuizAppTests";
				PRODUCT_NAME = "$(TARGET_NAME)";
				SWIFT_EMIT_LOC_STRINGS = NO;
				SWIFT_OPTIMIZATION_LEVEL = "-Onone";
				SWIFT_VERSION = 5.0;
				TARGETED_DEVICE_FAMILY = "1,2";
				TEST_HOST = "$(BUILT_PRODUCTS_DIR)/QuizApp.app/$(BUNDLE_EXECUTABLE_FOLDER_PATH)/QuizApp";
			};
			name = Debug;
		};
		801C482D2B209B25003E4493 /* Release */ = {
			isa = XCBuildConfiguration;
			buildSettings = {
				ALWAYS_EMBED_SWIFT_STANDARD_LIBRARIES = YES;
				BUNDLE_LOADER = "$(TEST_HOST)";
				CLANG_ENABLE_MODULES = YES;
				CODE_SIGN_STYLE = Automatic;
				CURRENT_PROJECT_VERSION = 1;
				GENERATE_INFOPLIST_FILE = YES;
				IPHONEOS_DEPLOYMENT_TARGET = 17.0;
				MARKETING_VERSION = 1.0;
				PRODUCT_BUNDLE_IDENTIFIER = "com.-mlbChaggange.com.QuizAppTests";
				PRODUCT_NAME = "$(TARGET_NAME)";
				SWIFT_EMIT_LOC_STRINGS = NO;
				SWIFT_VERSION = 5.0;
				TARGETED_DEVICE_FAMILY = "1,2";
				TEST_HOST = "$(BUILT_PRODUCTS_DIR)/QuizApp.app/$(BUNDLE_EXECUTABLE_FOLDER_PATH)/QuizApp";
			};
			name = Release;
		};
/* End XCBuildConfiguration section */

/* Begin XCConfigurationList section */
		801C47F92B209B24003E4493 /* Build configuration list for PBXProject "QuizApp" */ = {
			isa = XCConfigurationList;
			buildConfigurations = (
				801C48262B209B25003E4493 /* Debug */,
				801C48272B209B25003E4493 /* Release */,
			);
			defaultConfigurationIsVisible = 0;
			defaultConfigurationName = Release;
		};
		801C48282B209B25003E4493 /* Build configuration list for PBXNativeTarget "QuizApp" */ = {
			isa = XCConfigurationList;
			buildConfigurations = (
				801C48292B209B25003E4493 /* Debug */,
				801C482A2B209B25003E4493 /* Release */,
			);
			defaultConfigurationIsVisible = 0;
			defaultConfigurationName = Release;
		};
		801C482B2B209B25003E4493 /* Build configuration list for PBXNativeTarget "QuizAppTests" */ = {
			isa = XCConfigurationList;
			buildConfigurations = (
				801C482C2B209B25003E4493 /* Debug */,
				801C482D2B209B25003E4493 /* Release */,
			);
			defaultConfigurationIsVisible = 0;
			defaultConfigurationName = Release;
		};
/* End XCConfigurationList section */
	};
	rootObject = 801C47F62B209B24003E4493 /* Project object */;
}
